PackratFormat: 1.4
PackratVersion: 0.4.6.4
RVersion: 3.2.3
Repos: CRAN=https://cran.rstudio.com/

Package: BH
Source: CRAN
Version: 1.60.0-2
Hash: be2967bcff307e561d9ba17faf03205c

Package: MASS
Source: CRAN
Version: 7.3-45
Hash: 0650d5701aa7e369e77c9e2c8e1dc913

Package: MCMCpack
Source: CRAN
Version: 1.3-7
Hash: 17dfeb95794d9c8719e1f6abe9914d9d
Requires: MASS, coda, mcmc, quantreg

Package: MatrixModels
Source: CRAN
Version: 0.4-1
Hash: 60a5c75e57aae4a0ce76cb7422939aaf

Package: R6
Source: CRAN
Version: 2.1.1
Hash: 20a88b2c9c84aecff2702789a4d102f5

Package: Rcpp
Source: CRAN
Version: 0.12.2
Hash: 1928c2b7372e3f033217335f3fad25a3

Package: SparseM
Source: CRAN
Version: 1.72
Hash: adc257a420f61c0a3e4384c6fd8d62ff

Package: brew
Source: CRAN
Version: 1.0-6
Hash: 931f9972deae0f205e1c78a51f33149b

Package: coda
Source: CRAN
Version: 0.18-1
Hash: 2c2850226efa6a8aaf9b02704ffd3682

Package: crayon
Source: CRAN
Version: 1.3.1
Hash: b61d34886cf0f4b4fc4e4f52ea249390
Requires: memoise

Package: cubature
Source: CRAN
Version: 1.1-2
Hash: 51d063fe3a64ebc48aa4d1e1015cfc53

Package: curl
Source: CRAN
Version: 0.9.4
Hash: f0845d30266233da7d910ac687a5174b

Package: devtools
Source: CRAN
Version: 1.9.1
Hash: 894e4e2f04fb749f786f15cf01181a0c
Requires: curl, digest, evaluate, git2r, httr, jsonlite, memoise,
    roxygen2, rstudioapi, rversions, whisker

Package: digest
Source: CRAN
Version: 0.6.8
Hash: de202f956596a476d09304e3a2ebf1e5

Package: evaluate
Source: CRAN
Version: 0.8
Hash: aac00bd789bac10970b50e3b7e0cab04
Requires: stringr

Package: expm
Source: CRAN
Version: 0.999-0
Hash: 5041cb96d34112f65f0d13385eded9ee

Package: formatR
Source: CRAN
Version: 1.2.1
Hash: 54c730c712edd6087972ecf99bf87c55

Package: git2r
Source: CRAN
Version: 0.13.1
Hash: 10b695e315f922046c7d56b9dc7150db

Package: highr
Source: CRAN
Version: 0.5.1
Hash: 114ef5abcf58bebbf6ac083b9cacbbd8

Package: httr
Source: CRAN
Version: 1.0.0
Hash: 165c156aaf69073f9a1f8a4211c626d9
Requires: R6, curl, digest, jsonlite, mime, stringr

Package: jsonlite
Source: CRAN
Version: 0.9.19
Hash: 4a983f753b6e88ae0f5a6ac152d8cc32

Package: knitr
Source: CRAN
Version: 1.10.5
Hash: 3734733a01c3a749fcf26a6c9adfb8e4
Requires: digest, evaluate, formatR, highr, markdown, stringr, yaml

Package: ks
Source: CRAN
Version: 1.10.0
Hash: 064420c734b1d6dd5edf1e45b1286954
Requires: misc3d, multicool, mvtnorm, rgl

Package: magrittr
Source: CRAN
Version: 1.5
Hash: bdc4d48c3135e8f3b399536ddf160df4

Package: markdown
Source: CRAN
Version: 0.7.7
Hash: fea2343a1119d61b0cc5c0a950d103a3
Requires: mime

Package: mcmc
Source: CRAN
Version: 0.9-4
Hash: 220ee46ce835f8e8a18579c33ce73d89

Package: memoise
Source: CRAN
Version: 0.2.1
Hash: 812e6a1dd77a0ca4da41f3239de8e447
Requires: digest

Package: mime
Source: CRAN
Version: 0.4
Hash: b08c52dae92a0a11e64a4deea032ec33

Package: misc3d
Source: CRAN
Version: 0.8-4
Hash: 44836021ee460c4176d6e070e931f488

Package: msm
Source: CRAN
Version: 1.6.1
Hash: 61f2a6be7715afd0430a7bb984b28632
Requires: expm, mvtnorm

Package: multicool
Source: CRAN
Version: 0.1-9
Hash: e25c9e21ee2aaacba4c6c164516da47a
Requires: Rcpp

Package: mvtnorm
Source: CRAN
Version: 1.0-5
Hash: 55a3581188e15f13f5ba19c18e151ac2

Package: packrat
Source: github
Version: 0.4.6-4
Hash: 41a5beb75b7ee759d913ba7bd980237c
GithubRepo: packrat
GithubUsername: rstudio
GithubRef: master
GithubSha1: 470a56e654c08bed893a12ca3b4304ad5570beab

Package: praise
Source: CRAN
Version: 1.0.0
Hash: 77da8f1df873a4b91e5c4a68fe2fb1b6

Package: quantreg
Source: CRAN
Version: 5.29
Hash: a06b5a1adfd5068a49e8e960b884d08e
Requires: MatrixModels, SparseM

Package: rgl
Source: CRAN
Version: 0.95.1201
Hash: 821ac57e965947b9b0b136063fca734c

Package: roxygen2
Source: CRAN
Version: 5.0.1
Hash: 764de5dbf10bcd671fde95798bf96112
Requires: Rcpp, brew, digest, stringi, stringr

Package: rstudioapi
Source: CRAN
Version: 0.4.0
Hash: 1daee7a586b46f99ab9114668aa05cc7

Package: rversions
Source: CRAN
Version: 1.0.2
Hash: c006a9eaa80a091dcd87bb4003887b12
Requires: curl, xml2

Package: stringi
Source: CRAN
Version: 1.0-1
Hash: cf342bc407bd5daec77ed1009d5244e1

Package: stringr
Source: CRAN
Version: 1.0.0
Hash: 2676dd5f88890910962b733b0f9540e1
Requires: magrittr, stringi

Package: testthat
Source: CRAN
Version: 0.11.0
Hash: e10882241e569f584fb1f8c19599a13f
Requires: crayon, digest, praise

Package: whisker
Source: CRAN
Version: 0.3-2
Hash: 803d662762e532705c2c066a82d066e7

Package: xml2
Source: CRAN
Version: 0.1.2
Hash: de61ac9297d108f3e4384bd8f2aee936
Requires: BH, Rcpp

Package: yaml
Source: CRAN
Version: 2.1.13
Hash: 4854ccabebc225e8a7309fb4a74980de
